// !$*UTF8*$!
{
	archiveVersion = 1;
	classes = {
	};
	objectVersion = 46;
	objects = {

/* Begin PBXFileReference section */
		AB0000001000000000005a /* j_com_mycompany_myapp_MyViewController.h */ = {isa = PBXFileReference; lastKnownFileType = sourcecode.c.h; name = "j_com_mycompany_myapp_MyViewController.h"; path = "com.mycompany.myapp/j_com_mycompany_myapp_MyViewController.h"; sourceTree = SOURCE_ROOT; };
		AB0000001000000000005b /* j_com_mycompany_myapp_MyViewController.m */ = {isa = PBXFileReference; lastKnownFileType = sourcecode.c.objc; name = "j_com_mycompany_myapp_MyViewController.m"; path = "com.mycompany.myapp/j_com_mycompany_myapp_MyViewController.m"; sourceTree = SOURCE_ROOT; };
		AB00000010000000000061 /* Prefix.pch */ = {isa = PBXFileReference; name = "Prefix.pch"; path = "Prefix.pch"; sourceTree = SOURCE_ROOT; };
		AB0000001000000000005d /* Images.xcassets */ = {isa = PBXFileReference; lastKnownFileType = folder.assetcatalog; name = "Images.xcassets"; path = "../../../resources/Images.xcassets"; sourceTree = SOURCE_ROOT; };
		AB0000001000000000005e /* quorumLanguage.txt */ = {isa = PBXFileReference; name = "quorumLanguage.txt"; path = "../../../resources/quorumLanguage.txt"; sourceTree = SOURCE_ROOT; };
		AB0000001000000000005f /* UIKIT.framework */ = {isa = PBXFileReference; lastKnownFileType = wrapper.framework; name = "UIKIT.framework"; path = System/Library/Frameworks/UIKIT.framework; sourceTree = SDKROOT; };
/* End PBXFileReference section */

/* Begin PBXGroup section */
		AB0000001000000000004f /* root */ = {
			isa = PBXGroup;
			children = (
				AB00000010000000000052 /* frameworks */,
				AB00000010000000000051 /* resources */,
				AB00000010000000000050 /* sources */,
			);
			name = "root";
			sourceTree = "<group>";
		};
		AB00000010000000000050 /* sources */ = {
			isa = PBXGroup;
			children = (
				AB00000010000000000059 /* com.mycompany.myapp */,
				AB00000010000000000061 /* Prefix.pch */,
			);
			name = "sources";
			sourceTree = "<group>";
		};
		AB00000010000000000059 /* com.mycompany.myapp */ = {
			isa = PBXGroup;
			children = (
				AB0000001000000000005a /* j_com_mycompany_myapp_MyViewController.h */,
				AB0000001000000000005b /* j_com_mycompany_myapp_MyViewController.m */,
			);
			name = "com.mycompany.myapp";
			sourceTree = "<group>";
		};
		AB00000010000000000051 /* resources */ = {
			isa = PBXGroup;
			children = (
				AB0000001000000000005d /* Images.xcassets */,
				AB0000001000000000005e /* quorumLanguage.txt */,
			);
			name = "resources";
			sourceTree = "<group>";
		};
		AB00000010000000000052 /* frameworks */ = {
			isa = PBXGroup;
			children = (
				AB0000001000000000005f /* UIKIT.framework */,
			);
			name = "frameworks";
			sourceTree = "<group>";
		};
/* End PBXGroup section */

/* Begin PBVariantXGroup section */
/* End PBVariantXGroup section */

/* Begin PBXBuildFile section */
		AB0000001000000000005c /* j_com_mycompany_myapp_MyViewController.m */ = {isa = PBXBuildFile; fileRef = AB0000001000000000005b /* j_com_mycompany_myapp_MyViewController.m */; };
		AB00000010000000000060 /* UIKIT.framework */ = {isa = PBXBuildFile; fileRef = AB0000001000000000005f /* UIKIT.framework */; };
/* End PBXBuildFile section */

/* Begin PBXSourcesBuildPhase section */
		AB00000010000000000056 /* Sources */ = {
			isa = PBXSourcesBuildPhase;
			buildActionMask = 2147483647;
			files = (
				AB0000001000000000005c /* j_com_mycompany_myapp_MyViewController.m */,
			);
			runOnlyForDeploymentPostprocessing = 0;
		};
/* End PBXSourcesBuildPhase section */

/* Begin PBXFrameworksBuildPhase section */
		AB00000010000000000057 /* Frameworks */ = {
			isa = PBXFrameworksBuildPhase;
			buildActionMask = 2147483647;
			files = (
				AB00000010000000000060 /* UIKIT.framework */,
			);
			runOnlyForDeploymentPostprocessing = 0;
		};
/* End PBXFrameworksBuildPhase section */

/* Begin PBXNativeTarget section */
		AB00000010000000000058 /* RoboVM */ = {
			isa = PBXNativeTarget;
			buildPhases = (
				AB00000010000000000056 /* Sources */,
				AB00000010000000000057 /* Frameworks */,
			);
			buildRules = (
			);
			dependencies = (
			);
			name = "RoboVM";
			productName = "RoboVM";
			productType = "com.apple.product-type.application";
		};
/* End PBXNativeTarget section */

/* Begin XCBuildConfiguration section */
		AB00000010000000000055 /* RoboVM */ = {
			isa = XCBuildConfiguration;
			buildSettings = {
				SDKROOT = iphoneos;
				PRODUCT_NAME = "RoboVM";
				GCC_PRECOMPILE_PREFIX_HEADER = "YES";
				GCC_PREFIX_HEADER = Prefix.pch;
			};
			name = "RoboVM";
		};
/* End XCBuildConfiguration section */

/* Begin XCConfigurationList section */
		AB00000010000000000054 /* Build configuration list for PBXProject */ = {
			isa = XCConfigurationList;
			buildConfigurations = (
				AB00000010000000000055 /* RoboVM */,
			);
			defaultConfigurationName = RoboVM;
		};
/* End XCConfigurationList section */

/* Begin PBXProject section */
		AB0000001000000000004e /* Project object */ = {
			isa = PBXProject;
			buildConfigurationList = AB00000010000000000054 /* Build configuration list for PBXProject */;
			compatibilityVersion = "Xcode 3.2";
			developmentRegion = English;
			hasScannedForEncodings = 0;
			knownRegions = (
				en,
			);
			mainGroup = AB0000001000000000004f;
			projectDirPath = "";
			projectRoot = "";
			targets = (
				AB00000010000000000058 /* RoboVM */,
			);
		};
/* End PBXProject section */

	};
	rootObject = AB0000001000000000004e /* Project object */;
}
